
Microsoft Visual Studio Solution File, Format Version 12.00
# Visual Studio 15
VisualStudioVersion = 15.0.27703.2047
MinimumVisualStudioVersion = 10.0.40219.1
Project("{FAE04EC0-301F-11D3-BF4B-00C04F79EFBC}") = "200354592API", "200354592API\200354592API.csproj", "{8091B6D5-C8D5-465B-9A47-BD64BE6EE8F8}"
EndProject
Global
	GlobalSection(SolutionConfigurationPlatforms) = preSolution
		Debug|Any CPU = Debug|Any CPU
		Release|Any CPU = Release|Any CPU
	EndGlobalSection
	GlobalSection(ProjectConfigurationPlatforms) = postSolution
		{8091B6D5-C8D5-465B-9A47-BD64BE6EE8F8}.Debug|Any CPU.ActiveCfg = Debug|Any CPU
		{8091B6D5-C8D5-465B-9A47-BD64BE6EE8F8}.Debug|Any CPU.Build.0 = Debug|Any CPU
		{8091B6D5-C8D5-465B-9A47-BD64BE6EE8F8}.Release|Any CPU.ActiveCfg = Release|Any CPU
		{8091B6D5-C8D5-465B-9A47-BD64BE6EE8F8}.Release|Any CPU.Build.0 = Release|Any CPU
	EndGlobalSection
	GlobalSection(SolutionProperties) = preSolution
		HideSolutionNode = FALSE
	EndGlobalSection
	GlobalSection(ExtensibilityGlobals) = postSolution
		SolutionGuid = {A2685558-8D29-472C-8995-5DAD21B39724}
	EndGlobalSection
EndGlobal
